{
  "name": "juggledocs",
  "lockfileVersion": 3,
  "requires": true,
  "packages": {
    "": {
      "dependencies": {
        "@huggingface/inference": "^4.10.0"
      }
    },
    "node_modules/@huggingface/inference": {
      "version": "4.10.0",
      "resolved": "https://registry.npmjs.org/@huggingface/inference/-/inference-4.10.0.tgz",
      "integrity": "sha512-JsN7UtM0dUPi0PAHpyFBXqU4o7s31agLGSURpGyBslC5n3Ye4z673TVv7xoWa1k5+nTopjiDIP9F2eDJXcjJdA==",
      "license": "MIT",
      "dependencies": {
        "@huggingface/jinja": "^0.5.1",
        "@huggingface/tasks": "^0.19.49"
      },
      "engines": {
        "node": ">=18"
      }
    },
    "node_modules/@huggingface/jinja": {
      "version": "0.5.1",
      "resolved": "https://registry.npmjs.org/@huggingface/jinja/-/jinja-0.5.1.tgz",
      "integrity": "sha512-yUZLld4lrM9iFxHCwFQ7D1HW2MWMwSbeB7WzWqFYDWK+rEb+WldkLdAJxUPOmgICMHZLzZGVcVjFh3w/YGubng==",
      "license": "MIT",
      "engines": {
        "node": ">=18"
      }
    },
    "node_modules/@huggingface/tasks": {
      "version": "0.19.49",
      "resolved": "https://registry.npmjs.org/@huggingface/tasks/-/tasks-0.19.49.tgz",
      "integrity": "sha512-TBBs2klFqo0f9BgLBeG5sNH/oXt3nDxp8wEjwcR1/AepHb8VJAFf9oAW1SS9jmiWRrW8ZjXQJ3THOxsonHVBJA==",
      "license": "MIT"
    }
  }
}
